// !$*UTF8*$!
{
	archiveVersion = 1;
	classes = {
	};
	objectVersion = 48;
	objects = {

/* Begin PBXBuildFile section */
		F40AECA41FCF07D600E0E2AF /* HomeViewController.swift in Sources */ = {isa = PBXBuildFile; fileRef = F40AECA31FCF07D600E0E2AF /* HomeViewController.swift */; };
		F40AECA61FCF07EE00E0E2AF /* SubmitViewController.swift in Sources */ = {isa = PBXBuildFile; fileRef = F40AECA51FCF07EE00E0E2AF /* SubmitViewController.swift */; };
		F49E8D8B1FCEAA1D00513E33 /* AppDelegate.swift in Sources */ = {isa = PBXBuildFile; fileRef = F49E8D8A1FCEAA1D00513E33 /* AppDelegate.swift */; };
		F49E8D8D1FCEAA1D00513E33 /* ViewController.swift in Sources */ = {isa = PBXBuildFile; fileRef = F49E8D8C1FCEAA1D00513E33 /* ViewController.swift */; };
		F49E8D901FCEAA1D00513E33 /* Main.storyboard in Resources */ = {isa = PBXBuildFile; fileRef = F49E8D8E1FCEAA1D00513E33 /* Main.storyboard */; };
		F49E8D921FCEAA1D00513E33 /* Assets.xcassets in Resources */ = {isa = PBXBuildFile; fileRef = F49E8D911FCEAA1D00513E33 /* Assets.xcassets */; };
		F49E8D951FCEAA1D00513E33 /* LaunchScreen.storyboard in Resources */ = {isa = PBXBuildFile; fileRef = F49E8D931FCEAA1D00513E33 /* LaunchScreen.storyboard */; };
/* End PBXBuildFile section */

/* Begin PBXFileReference section */
		F40AECA31FCF07D600E0E2AF /* HomeViewController.swift */ = {isa = PBXFileReference; lastKnownFileType = sourcecode.swift; path = HomeViewController.swift; sourceTree = "<group>"; };
		F40AECA51FCF07EE00E0E2AF /* SubmitViewController.swift */ = {isa = PBXFileReference; lastKnownFileType = sourcecode.swift; path = SubmitViewController.swift; sourceTree = "<group>"; };
		F49C167F1FCFEFBE00624016 /* LGTM.entitlements */ = {isa = PBXFileReference; lastKnownFileType = text.plist.entitlements; path = LGTM.entitlements; sourceTree = "<group>"; };
		F49E8D871FCEAA1D00513E33 /* LGTM.app */ = {isa = PBXFileReference; explicitFileType = wrapper.application; includeInIndex = 0; path = LGTM.app; sourceTree = BUILT_PRODUCTS_DIR; };
		F49E8D8A1FCEAA1D00513E33 /* AppDelegate.swift */ = {isa = PBXFileReference; lastKnownFileType = sourcecode.swift; path = AppDelegate.swift; sourceTree = "<group>"; };
		F49E8D8C1FCEAA1D00513E33 /* ViewController.swift */ = {isa = PBXFileReference; lastKnownFileType = sourcecode.swift; path = ViewController.swift; sourceTree = "<group>"; };
		F49E8D8F1FCEAA1D00513E33 /* Base */ = {isa = PBXFileReference; lastKnownFileType = file.storyboard; name = Base; path = Base.lproj/Main.storyboard; sourceTree = "<group>"; };
		F49E8D911FCEAA1D00513E33 /* Assets.xcassets */ = {isa = PBXFileReference; lastKnownFileType = folder.assetcatalog; path = Assets.xcassets; sourceTree = "<group>"; };
		F49E8D941FCEAA1D00513E33 /* Base */ = {isa = PBXFileReference; lastKnownFileType = file.storyboard; name = Base; path = Base.lproj/LaunchScreen.storyboard; sourceTree = "<group>"; };
		F49E8D961FCEAA1D00513E33 /* Info.plist */ = {isa = PBXFileReference; lastKnownFileType = text.plist.xml; path = Info.plist; sourceTree = "<group>"; };
/* End PBXFileReference section */

/* Begin PBXFrameworksBuildPhase section */
		F49E8D841FCEAA1D00513E33 /* Frameworks */ = {
			isa = PBXFrameworksBuildPhase;
			buildActionMask = 2147483647;
			files = (
			);
			runOnlyForDeploymentPostprocessing = 0;
		};
/* End PBXFrameworksBuildPhase section */

/* Begin PBXGroup section */
		F49E8D7E1FCEAA1D00513E33 = {
			isa = PBXGroup;
			children = (
				F49E8D891FCEAA1D00513E33 /* LGTM */,
				F49E8D881FCEAA1D00513E33 /* Products */,
			);
			sourceTree = "<group>";
		};
		F49E8D881FCEAA1D00513E33 /* Products */ = {
			isa = PBXGroup;
			children = (
				F49E8D871FCEAA1D00513E33 /* LGTM.app */,
			);
			name = Products;
			sourceTree = "<group>";
		};
		F49E8D891FCEAA1D00513E33 /* LGTM */ = {
			isa = PBXGroup;
			children = (
				F49C167F1FCFEFBE00624016 /* LGTM.entitlements */,
				F49E8D8A1FCEAA1D00513E33 /* AppDelegate.swift */,
				F49E8D8C1FCEAA1D00513E33 /* ViewController.swift */,
				F49E8D8E1FCEAA1D00513E33 /* Main.storyboard */,
				F49E8D911FCEAA1D00513E33 /* Assets.xcassets */,
				F49E8D931FCEAA1D00513E33 /* LaunchScreen.storyboard */,
				F49E8D961FCEAA1D00513E33 /* Info.plist */,
				F40AECA31FCF07D600E0E2AF /* HomeViewController.swift */,
				F40AECA51FCF07EE00E0E2AF /* SubmitViewController.swift */,
			);
			path = LGTM;
			sourceTree = "<group>";
		};
/* End PBXGroup section */

/* Begin PBXNativeTarget section */
		F49E8D861FCEAA1D00513E33 /* LGTM */ = {
			isa = PBXNativeTarget;
			buildConfigurationList = F49E8D991FCEAA1D00513E33 /* Build configuration list for PBXNativeTarget "LGTM" */;
			buildPhases = (
				F49E8D831FCEAA1D00513E33 /* Sources */,
				F49E8D841FCEAA1D00513E33 /* Frameworks */,
				F49E8D851FCEAA1D00513E33 /* Resources */,
			);
			buildRules = (
			);
			dependencies = (
			);
			name = LGTM;
			productName = LGTM;
			productReference = F49E8D871FCEAA1D00513E33 /* LGTM.app */;
			productType = "com.apple.product-type.application";
		};
/* End PBXNativeTarget section */

/* Begin PBXProject section */
		F49E8D7F1FCEAA1D00513E33 /* Project object */ = {
			isa = PBXProject;
			attributes = {
				LastSwiftUpdateCheck = 0910;
				LastUpgradeCheck = 0910;
				ORGANIZATIONNAME = "Dongri Jin";
				TargetAttributes = {
					F49E8D861FCEAA1D00513E33 = {
						CreatedOnToolsVersion = 9.1;
						ProvisioningStyle = Automatic;
						SystemCapabilities = {
							com.apple.SafariKeychain = {
								enabled = 1;
							};
						};
					};
				};
			};
			buildConfigurationList = F49E8D821FCEAA1D00513E33 /* Build configuration list for PBXProject "LGTM" */;
			compatibilityVersion = "Xcode 8.0";
			developmentRegion = en;
			hasScannedForEncodings = 0;
			knownRegions = (
				en,
				Base,
			);
			mainGroup = F49E8D7E1FCEAA1D00513E33;
			productRefGroup = F49E8D881FCEAA1D00513E33 /* Products */;
			projectDirPath = "";
			projectRoot = "";
			targets = (
				F49E8D861FCEAA1D00513E33 /* LGTM */,
			);
		};
/* End PBXProject section */

/* Begin PBXResourcesBuildPhase section */
		F49E8D851FCEAA1D00513E33 /* Resources */ = {
			isa = PBXResourcesBuildPhase;
			buildActionMask = 2147483647;
			files = (
				F49E8D951FCEAA1D00513E33 /* LaunchScreen.storyboard in Resources */,
				F49E8D921FCEAA1D00513E33 /* Assets.xcassets in Resources */,
				F49E8D901FCEAA1D00513E33 /* Main.storyboard in Resources */,
			);
			runOnlyForDeploymentPostprocessing = 0;
		};
/* End PBXResourcesBuildPhase section */

/* Begin PBXSourcesBuildPhase section */
		F49E8D831FCEAA1D00513E33 /* Sources */ = {
			isa = PBXSourcesBuildPhase;
			buildActionMask = 2147483647;
			files = (
				F40AECA61FCF07EE00E0E2AF /* SubmitViewController.swift in Sources */,
				F49E8D8D1FCEAA1D00513E33 /* ViewController.swift in Sources */,
				F49E8D8B1FCEAA1D00513E33 /* AppDelegate.swift in Sources */,
				F40AECA41FCF07D600E0E2AF /* HomeViewController.swift in Sources */,
			);
			runOnlyForDeploymentPostprocessing = 0;
		};
/* End PBXSourcesBuildPhase section */

/* Begin PBXVariantGroup section */
		F49E8D8E1FCEAA1D00513E33 /* Main.storyboard */ = {
			isa = PBXVariantGroup;
			children = (
				F49E8D8F1FCEAA1D00513E33 /* Base */,
			);
			name = Main.storyboard;
			sourceTree = "<group>";
		};
		F49E8D931FCEAA1D00513E33 /* LaunchScreen.storyboard */ = {
			isa = PBXVariantGroup;
			children = (
				F49E8D941FCEAA1D00513E33 /* Base */,
			);
			name = LaunchScreen.storyboard;
			sourceTree = "<group>";
		};
/* End PBXVariantGroup section */

/* Begin XCBuildConfiguration section */
		F49E8D971FCEAA1D00513E33 /* Debug */ = {
			isa = XCBuildConfiguration;
			buildSettings = {
				ALWAYS_SEARCH_USER_PATHS = NO;
				CLANG_ANALYZER_NONNULL = YES;
				CLANG_ANALYZER_NUMBER_OBJECT_CONVERSION = YES_AGGRESSIVE;
				CLANG_CXX_LANGUAGE_STANDARD = "gnu++14";
				CLANG_CXX_LIBRARY = "libc++";
				CLANG_ENABLE_MODULES = YES;
				CLANG_ENABLE_OBJC_ARC = YES;
				CLANG_WARN_BLOCK_CAPTURE_AUTORELEASING = YES;
				CLANG_WARN_BOOL_CONVERSION = YES;
				CLANG_WARN_COMMA = YES;
				CLANG_WARN_CONSTANT_CONVERSION = YES;
				CLANG_WARN_DIRECT_OBJC_ISA_USAGE = YES_ERROR;
				CLANG_WARN_DOCUMENTATION_COMMENTS = YES;
				CLANG_WARN_EMPTY_BODY = YES;
				CLANG_WARN_ENUM_CONVERSION = YES;
				CLANG_WARN_INFINITE_RECURSION = YES;
				CLANG_WARN_INT_CONVERSION = YES;
				CLANG_WARN_NON_LITERAL_NULL_CONVERSION = YES;
				CLANG_WARN_OBJC_LITERAL_CONVERSION = YES;
				CLANG_WARN_OBJC_ROOT_CLASS = YES_ERROR;
				CLANG_WARN_RANGE_LOOP_ANALYSIS = YES;
				CLANG_WARN_STRICT_PROTOTYPES = YES;
				CLANG_WARN_SUSPICIOUS_MOVE = YES;
				CLANG_WARN_UNGUARDED_AVAILABILITY = YES_AGGRESSIVE;
				CLANG_WARN_UNREACHABLE_CODE = YES;
				CLANG_WARN__DUPLICATE_METHOD_MATCH = YES;
				CODE_SIGN_IDENTITY = "iPhone Developer";
				COPY_PHASE_STRIP = NO;
				DEBUG_INFORMATION_FORMAT = dwarf;
				ENABLE_STRICT_OBJC_MSGSEND = YES;
				ENABLE_TESTABILITY = YES;
				GCC_C_LANGUAGE_STANDARD = gnu11;
				GCC_DYNAMIC_NO_PIC = NO;
				GCC_NO_COMMON_BLOCKS = YES;
				GCC_OPTIMIZATION_LEVEL = 0;
				GCC_PREPROCESSOR_DEFINITIONS = (
					"DEBUG=1",
					"$(inherited)",
				);
				GCC_WARN_64_TO_32_BIT_CONVERSION = YES;
				GCC_WARN_ABOUT_RETURN_TYPE = YES_ERROR;
				GCC_WARN_UNDECLARED_SELECTOR = YES;
				GCC_WARN_UNINITIALIZED_AUTOS = YES_AGGRESSIVE;
				GCC_WARN_UNUSED_FUNCTION = YES;
				GCC_WARN_UNUSED_VARIABLE = YES;
				IPHONEOS_DEPLOYMENT_TARGET = 11.1;
				MTL_ENABLE_DEBUG_INFO = YES;
				ONLY_ACTIVE_ARCH = YES;
				SDKROOT = iphoneos;
				SWIFT_ACTIVE_COMPILATION_CONDITIONS = DEBUG;
				SWIFT_OPTIMIZATION_LEVEL = "-Onone";
			};
			name = Debug;
		};
		F49E8D981FCEAA1D00513E33 /* Release */ = {
			isa = XCBuildConfiguration;
			buildSettings = {
				ALWAYS_SEARCH_USER_PATHS = NO;
				CLANG_ANALYZER_NONNULL = YES;
				CLANG_ANALYZER_NUMBER_OBJECT_CONVERSION = YES_AGGRESSIVE;
				CLANG_CXX_LANGUAGE_STANDARD = "gnu++14";
				CLANG_CXX_LIBRARY = "libc++";
				CLANG_ENABLE_MODULES = YES;
				CLANG_ENABLE_OBJC_ARC = YES;
				CLANG_WARN_BLOCK_CAPTURE_AUTORELEASING = YES;
				CLANG_WARN_BOOL_CONVERSION = YES;
				CLANG_WARN_COMMA = YES;
				CLANG_WARN_CONSTANT_CONVERSION = YES;
				CLANG_WARN_DIRECT_OBJC_ISA_USAGE = YES_ERROR;
				CLANG_WARN_DOCUMENTATION_COMMENTS = YES;
				CLANG_WARN_EMPTY_BODY = YES;
				CLANG_WARN_ENUM_CONVERSION = YES;
				CLANG_WARN_INFINITE_RECURSION = YES;
				CLANG_WARN_INT_CONVERSION = YES;
				CLANG_WARN_NON_LITERAL_NULL_CONVERSION = YES;
				CLANG_WARN_OBJC_LITERAL_CONVERSION = YES;
				CLANG_WARN_OBJC_ROOT_CLASS = YES_ERROR;
				CLANG_WARN_RANGE_LOOP_ANALYSIS = YES;
				CLANG_WARN_STRICT_PROTOTYPES = YES;
				CLANG_WARN_SUSPICIOUS_MOVE = YES;
				CLANG_WARN_UNGUARDED_AVAILABILITY = YES_AGGRESSIVE;
				CLANG_WARN_UNREACHABLE_CODE = YES;
				CLANG_WARN__DUPLICATE_METHOD_MATCH = YES;
				CODE_SIGN_IDENTITY = "iPhone Developer";
				COPY_PHASE_STRIP = NO;
				DEBUG_INFORMATION_FORMAT = "dwarf-with-dsym";
				ENABLE_NS_ASSERTIONS = NO;
				ENABLE_STRICT_OBJC_MSGSEND = YES;
				GCC_C_LANGUAGE_STANDARD = gnu11;
				GCC_NO_COMMON_BLOCKS = YES;
				GCC_WARN_64_TO_32_BIT_CONVERSION = YES;
				GCC_WARN_ABOUT_RETURN_TYPE = YES_ERROR;
				GCC_WARN_UNDECLARED_SELECTOR = YES;
				GCC_WARN_UNINITIALIZED_AUTOS = YES_AGGRESSIVE;
				GCC_WARN_UNUSED_FUNCTION = YES;
				GCC_WARN_UNUSED_VARIABLE = YES;
				IPHONEOS_DEPLOYMENT_TARGET = 11.1;
				MTL_ENABLE_DEBUG_INFO = NO;
				SDKROOT = iphoneos;
				SWIFT_OPTIMIZATION_LEVEL = "-Owholemodule";
				VALIDATE_PRODUCT = YES;
			};
			name = Release;
		};
		F49E8D9A1FCEAA1D00513E33 /* Debug */ = {
			isa = XCBuildConfiguration;
			buildSettings = {
				ASSETCATALOG_COMPILER_APPICON_NAME = AppIcon;
				CODE_SIGN_ENTITLEMENTS = LGTM/LGTM.entitlements;
				"CODE_SIGN_IDENTITY[sdk=iphoneos*]" = "iPhone Developer";
				CODE_SIGN_STYLE = Automatic;
				DEVELOPMENT_TEAM = 6SRWK494FT;
				INFOPLIST_FILE = LGTM/Info.plist;
				LD_RUNPATH_SEARCH_PATHS = "$(inherited) @executable_path/Frameworks";
				PRODUCT_BUNDLE_IDENTIFIER = lol.lgtm.ios.LGTM;
				PRODUCT_NAME = "$(TARGET_NAME)";
				PROVISIONING_PROFILE = "";
				PROVISIONING_PROFILE_SPECIFIER = "";
				SWIFT_VERSION = 4.0;
				TARGETED_DEVICE_FAMILY = "1,2";
			};
			name = Debug;
		};
		F49E8D9B1FCEAA1D00513E33 /* Release */ = {
			isa = XCBuildConfiguration;
			buildSettings = {
				ASSETCATALOG_COMPILER_APPICON_NAME = AppIcon;
				CODE_SIGN_ENTITLEMENTS = LGTM/LGTM.entitlements;
				"CODE_SIGN_IDENTITY[sdk=iphoneos*]" = "iPhone Developer";
				CODE_SIGN_STYLE = Automatic;
				DEVELOPMENT_TEAM = 6SRWK494FT;
				INFOPLIST_FILE = LGTM/Info.plist;
				LD_RUNPATH_SEARCH_PATHS = "$(inherited) @executable_path/Frameworks";
				PRODUCT_BUNDLE_IDENTIFIER = lol.lgtm.ios.LGTM;
				PRODUCT_NAME = "$(TARGET_NAME)";
				PROVISIONING_PROFILE_SPECIFIER = "";
				SWIFT_VERSION = 4.0;
				TARGETED_DEVICE_FAMILY = "1,2";
			};
			name = Release;
		};
/* End XCBuildConfiguration section */

/* Begin XCConfigurationList section */
		F49E8D821FCEAA1D00513E33 /* Build configuration list for PBXProject "LGTM" */ = {
			isa = XCConfigurationList;
			buildConfigurations = (
				F49E8D971FCEAA1D00513E33 /* Debug */,
				F49E8D981FCEAA1D00513E33 /* Release */,
			);
			defaultConfigurationIsVisible = 0;
			defaultConfigurationName = Release;
		};
		F49E8D991FCEAA1D00513E33 /* Build configuration list for PBXNativeTarget "LGTM" */ = {
			isa = XCConfigurationList;
			buildConfigurations = (
				F49E8D9A1FCEAA1D00513E33 /* Debug */,
				F49E8D9B1FCEAA1D00513E33 /* Release */,
			);
			defaultConfigurationIsVisible = 0;
			defaultConfigurationName = Release;
		};
/* End XCConfigurationList section */
	};
	rootObject = F49E8D7F1FCEAA1D00513E33 /* Project object */;
}
